
Microsoft Visual Studio Solution File, Format Version 12.00
# Visual Studio 15
VisualStudioVersion = 15.0.33403.129
MinimumVisualStudioVersion = 10.0.40219.1
Project("{FAE04EC0-301F-11D3-BF4B-00C04F79EFBC}") = "apisJacob", "apisJacob\apisJacob.csproj", "{FC229B06-B91D-4756-955C-BE6B125A8736}"
EndProject
Global
	GlobalSection(SolutionConfigurationPlatforms) = preSolution
		Debug|Any CPU = Debug|Any CPU
		Release|Any CPU = Release|Any CPU
	EndGlobalSection
	GlobalSection(ProjectConfigurationPlatforms) = postSolution
		{FC229B06-B91D-4756-955C-BE6B125A8736}.Debug|Any CPU.ActiveCfg = Debug|Any CPU
		{FC229B06-B91D-4756-955C-BE6B125A8736}.Debug|Any CPU.Build.0 = Debug|Any CPU
		{FC229B06-B91D-4756-955C-BE6B125A8736}.Release|Any CPU.ActiveCfg = Release|Any CPU
		{FC229B06-B91D-4756-955C-BE6B125A8736}.Release|Any CPU.Build.0 = Release|Any CPU
	EndGlobalSection
	GlobalSection(SolutionProperties) = preSolution
		HideSolutionNode = FALSE
	EndGlobalSection
	GlobalSection(ExtensibilityGlobals) = postSolution
		SolutionGuid = {DC0E5CF0-14C0-45E8-A04D-639E24BF996C}
	EndGlobalSection
EndGlobal
